
Microsoft Visual Studio Solution File, Format Version 12.00
# Visual Studio Version 17
VisualStudioVersion = 17.8.34330.188
MinimumVisualStudioVersion = 10.0.40219.1
Project("{9A19103F-16F7-4668-BE54-9A1E7A4F7556}") = "API", "API\API.csproj", "{6BFD9A5F-F99A-44BA-97BB-F6A61A0CB033}"
EndProject
Project("{9A19103F-16F7-4668-BE54-9A1E7A4F7556}") = "API.Tests.Unit", "API.Tests.Unit\API.Tests.Unit.csproj", "{05829E48-D67A-4238-89B7-0F7843447FD6}"
EndProject
Global
	GlobalSection(SolutionConfigurationPlatforms) = preSolution
		Debug|Any CPU = Debug|Any CPU
		Release|Any CPU = Release|Any CPU
	EndGlobalSection
	GlobalSection(ProjectConfigurationPlatforms) = postSolution
		{6BFD9A5F-F99A-44BA-97BB-F6A61A0CB033}.Debug|Any CPU.ActiveCfg = Debug|Any CPU
		{6BFD9A5F-F99A-44BA-97BB-F6A61A0CB033}.Debug|Any CPU.Build.0 = Debug|Any CPU
		{6BFD9A5F-F99A-44BA-97BB-F6A61A0CB033}.Release|Any CPU.ActiveCfg = Release|Any CPU
		{6BFD9A5F-F99A-44BA-97BB-F6A61A0CB033}.Release|Any CPU.Build.0 = Release|Any CPU
		{05829E48-D67A-4238-89B7-0F7843447FD6}.Debug|Any CPU.ActiveCfg = Debug|Any CPU
		{05829E48-D67A-4238-89B7-0F7843447FD6}.Debug|Any CPU.Build.0 = Debug|Any CPU
		{05829E48-D67A-4238-89B7-0F7843447FD6}.Release|Any CPU.ActiveCfg = Release|Any CPU
		{05829E48-D67A-4238-89B7-0F7843447FD6}.Release|Any CPU.Build.0 = Release|Any CPU
	EndGlobalSection
	GlobalSection(SolutionProperties) = preSolution
		HideSolutionNode = FALSE
	EndGlobalSection
	GlobalSection(ExtensibilityGlobals) = postSolution
		SolutionGuid = {0E3E1D09-DF1A-4EDC-8D45-00760B4CC848}
	EndGlobalSection
EndGlobal
